<?xml version="1.0" encoding="UTF-8" standalone="yes" ?>
<CodeBlocks_project_file>
	<FileVersion major="1" minor="6" />
	<Project>
		<Option title="eXtrema" />
		<Option execution_dir="./" />
		<Option pch_mode="2" />
		<Option default_target="win_gcc" />
		<Option compiler="null" />
		<Build>
			<Target title="win_gcc">
				<Option output="bin/$(TARGET_NAME)/$(PROJECT_NAME)" prefix_auto="1" extension_auto="1" />
				<Option object_output=".objs/$(TARGET_NAME)" />
				<Option type="0" />
				<Option compiler="gcc" />
				<Option projectLinkerOptionsRelation="2" />
				<Compiler>
					<Add option="-g" />
					<Add option="`$(#WX_CONFIG) --cflags`" />
					<Add directory="src/Utilities" />
					<Add directory="src/Parsing" />
					<Add directory="src/Variables" />
					<Add directory="src/Expression" />
					<Add directory="src/Functions" />
					<Add directory="src/Commands" />
					<Add directory="src/Operators" />
					<Add directory="src/wxForms" />
					<Add directory="src/Graphics" />
					<Add directory="src" />
				</Compiler>
				<ResourceCompiler>
					<Add option="`$(#WX_CONFIG) --rcflags`" />
				</ResourceCompiler>
				<Linker>
					<Add option="`$(#WX_CONFIG) --libs base,core,adv,html,xml`" />
				</Linker>
			</Target>
		</Build>
		<VirtualTargets>
			<Add alias="All" targets="win_gcc;" />
		</VirtualTargets>
		<Unit filename="src/Commands/CMD_alias.cpp" />
		<Unit filename="src/Commands/CMD_alias.h" />
		<Unit filename="src/Commands/CMD_bestfit.cpp" />
		<Unit filename="src/Commands/CMD_bestfit.h" />
		<Unit filename="src/Commands/CMD_bin.cpp" />
		<Unit filename="src/Commands/CMD_bin.h" />
		<Unit filename="src/Commands/CMD_bin2d.cpp" />
		<Unit filename="src/Commands/CMD_bin2d.h" />
		<Unit filename="src/Commands/CMD_clear.cpp" />
		<Unit filename="src/Commands/CMD_clear.h" />
		<Unit filename="src/Commands/CMD_contour.cpp" />
		<Unit filename="src/Commands/CMD_contour.h" />
		<Unit filename="src/Commands/CMD_dealias.cpp" />
		<Unit filename="src/Commands/CMD_dealias.h" />
		<Unit filename="src/Commands/CMD_defaults.cpp" />
		<Unit filename="src/Commands/CMD_defaults.h" />
		<Unit filename="src/Commands/CMD_define.cpp" />
		<Unit filename="src/Commands/CMD_define.h" />
		<Unit filename="src/Commands/CMD_density.cpp" />
		<Unit filename="src/Commands/CMD_density.h" />
		<Unit filename="src/Commands/CMD_destroy.cpp" />
		<Unit filename="src/Commands/CMD_destroy.h" />
		<Unit filename="src/Commands/CMD_display.cpp" />
		<Unit filename="src/Commands/CMD_display.h" />
		<Unit filename="src/Commands/CMD_do.cpp" />
		<Unit filename="src/Commands/CMD_do.h" />
		<Unit filename="src/Commands/CMD_ellipse.cpp" />
		<Unit filename="src/Commands/CMD_ellipse.h" />
		<Unit filename="src/Commands/CMD_enddo.cpp" />
		<Unit filename="src/Commands/CMD_enddo.h" />
		<Unit filename="src/Commands/CMD_endif.cpp" />
		<Unit filename="src/Commands/CMD_endif.h" />
		<Unit filename="src/Commands/CMD_evaluateExpression.cpp" />
		<Unit filename="src/Commands/CMD_evaluateExpression.h" />
		<Unit filename="src/Commands/CMD_execute.cpp" />
		<Unit filename="src/Commands/CMD_execute.h" />
		<Unit filename="src/Commands/CMD_figure.cpp" />
		<Unit filename="src/Commands/CMD_figure.h" />
		<Unit filename="src/Commands/CMD_filter.cpp" />
		<Unit filename="src/Commands/CMD_filter.h" />
		<Unit filename="src/Commands/CMD_fit.cpp" />
		<Unit filename="src/Commands/CMD_fit.h" />
		<Unit filename="src/Commands/CMD_form.cpp" />
		<Unit filename="src/Commands/CMD_form.h" />
		<Unit filename="src/Commands/CMD_generate.cpp" />
		<Unit filename="src/Commands/CMD_generate.h" />
		<Unit filename="src/Commands/CMD_get.cpp" />
		<Unit filename="src/Commands/CMD_get.h" />
		<Unit filename="src/Commands/CMD_goto.cpp" />
		<Unit filename="src/Commands/CMD_goto.h" />
		<Unit filename="src/Commands/CMD_graph.cpp" />
		<Unit filename="src/Commands/CMD_graph.h" />
		<Unit filename="src/Commands/CMD_grid.cpp" />
		<Unit filename="src/Commands/CMD_grid.h" />
		<Unit filename="src/Commands/CMD_hardcopy.cpp" />
		<Unit filename="src/Commands/CMD_hardcopy.h" />
		<Unit filename="src/Commands/CMD_help.cpp" />
		<Unit filename="src/Commands/CMD_help.h" />
		<Unit filename="src/Commands/CMD_if.cpp" />
		<Unit filename="src/Commands/CMD_if.h" />
		<Unit filename="src/Commands/CMD_inquire.cpp" />
		<Unit filename="src/Commands/CMD_inquire.h" />
		<Unit filename="src/Commands/CMD_list.cpp" />
		<Unit filename="src/Commands/CMD_list.h" />
		<Unit filename="src/Commands/CMD_matrix.cpp" />
		<Unit filename="src/Commands/CMD_matrix.h" />
		<Unit filename="src/Commands/CMD_minuit.cpp" />
		<Unit filename="src/Commands/CMD_minuit.h" />
		<Unit filename="src/Commands/CMD_page.cpp" />
		<Unit filename="src/Commands/CMD_page.h" />
		<Unit filename="src/Commands/CMD_pause.cpp" />
		<Unit filename="src/Commands/CMD_pause.h" />
		<Unit filename="src/Commands/CMD_polygon.cpp" />
		<Unit filename="src/Commands/CMD_polygon.h" />
		<Unit filename="src/Commands/CMD_quit.cpp" />
		<Unit filename="src/Commands/CMD_quit.h" />
		<Unit filename="src/Commands/CMD_read.cpp" />
		<Unit filename="src/Commands/CMD_read.h" />
		<Unit filename="src/Commands/CMD_rebin.cpp" />
		<Unit filename="src/Commands/CMD_rebin.h" />
		<Unit filename="src/Commands/CMD_replot.cpp" />
		<Unit filename="src/Commands/CMD_replot.h" />
		<Unit filename="src/Commands/CMD_restore.cpp" />
		<Unit filename="src/Commands/CMD_restore.h" />
		<Unit filename="src/Commands/CMD_return.cpp" />
		<Unit filename="src/Commands/CMD_return.h" />
		<Unit filename="src/Commands/CMD_save.cpp" />
		<Unit filename="src/Commands/CMD_save.h" />
		<Unit filename="src/Commands/CMD_scalar.cpp" />
		<Unit filename="src/Commands/CMD_scalar.h" />
		<Unit filename="src/Commands/CMD_scales.cpp" />
		<Unit filename="src/Commands/CMD_scales.h" />
		<Unit filename="src/Commands/CMD_set.cpp" />
		<Unit filename="src/Commands/CMD_set.h" />
		<Unit filename="src/Commands/CMD_show.cpp" />
		<Unit filename="src/Commands/CMD_show.h" />
		<Unit filename="src/Commands/CMD_sort.cpp" />
		<Unit filename="src/Commands/CMD_sort.h" />
		<Unit filename="src/Commands/CMD_stack.cpp" />
		<Unit filename="src/Commands/CMD_stack.h" />
		<Unit filename="src/Commands/CMD_statistics.cpp" />
		<Unit filename="src/Commands/CMD_statistics.h" />
		<Unit filename="src/Commands/CMD_surface.h" />
		<Unit filename="src/Commands/CMD_text.cpp" />
		<Unit filename="src/Commands/CMD_text.h" />
		<Unit filename="src/Commands/CMD_vector.cpp" />
		<Unit filename="src/Commands/CMD_vector.h" />
		<Unit filename="src/Commands/CMD_window.cpp" />
		<Unit filename="src/Commands/CMD_window.h" />
		<Unit filename="src/Commands/CMD_world.cpp" />
		<Unit filename="src/Commands/CMD_world.h" />
		<Unit filename="src/Commands/CMD_write.cpp" />
		<Unit filename="src/Commands/CMD_write.h" />
		<Unit filename="src/Commands/CMD_zerolines.cpp" />
		<Unit filename="src/Commands/CMD_zerolines.h" />
		<Unit filename="src/Commands/Command.cpp" />
		<Unit filename="src/Commands/Command.h" />
		<Unit filename="src/Commands/CommandTable.cpp" />
		<Unit filename="src/Commands/CommandTable.h" />
		<Unit filename="src/Commands/ECommandError.h" />
		<Unit filename="src/Commands/Extrema_fcn.cpp" />
		<Unit filename="src/Commands/Extrema_fcn.h" />
		<Unit filename="src/Expression/BndChk.h" />
		<Unit filename="src/Expression/EExpressionError.h" />
		<Unit filename="src/Expression/ExprCodes.cpp" />
		<Unit filename="src/Expression/ExprCodes.h" />
		<Unit filename="src/Expression/Expression.cpp" />
		<Unit filename="src/Expression/Expression.h" />
		<Unit filename="src/Expression/ListVector.cpp" />
		<Unit filename="src/Expression/ListVector.h" />
		<Unit filename="src/Expression/RangeVector.h" />
		<Unit filename="src/Expression/Workspace.cpp" />
		<Unit filename="src/Expression/Workspace.h" />
		<Unit filename="src/Functions/ArrayFunction.h" />
		<Unit filename="src/Functions/FCN_abs.cpp" />
		<Unit filename="src/Functions/FCN_abs.h" />
		<Unit filename="src/Functions/FCN_acos.cpp" />
		<Unit filename="src/Functions/FCN_acos.h" />
		<Unit filename="src/Functions/FCN_acosd.cpp" />
		<Unit filename="src/Functions/FCN_acosd.h" />
		<Unit filename="src/Functions/FCN_acosh.cpp" />
		<Unit filename="src/Functions/FCN_acosh.h" />
		<Unit filename="src/Functions/FCN_acot.cpp" />
		<Unit filename="src/Functions/FCN_acot.h" />
		<Unit filename="src/Functions/FCN_acotd.cpp" />
		<Unit filename="src/Functions/FCN_acotd.h" />
		<Unit filename="src/Functions/FCN_acoth.cpp" />
		<Unit filename="src/Functions/FCN_acoth.h" />
		<Unit filename="src/Functions/FCN_acsc.cpp" />
		<Unit filename="src/Functions/FCN_acsc.h" />
		<Unit filename="src/Functions/FCN_acscd.cpp" />
		<Unit filename="src/Functions/FCN_acscd.h" />
		<Unit filename="src/Functions/FCN_acsch.cpp" />
		<Unit filename="src/Functions/FCN_acsch.h" />
		<Unit filename="src/Functions/FCN_adev.cpp" />
		<Unit filename="src/Functions/FCN_adev.h" />
		<Unit filename="src/Functions/FCN_aerf.cpp" />
		<Unit filename="src/Functions/FCN_aerf.h" />
		<Unit filename="src/Functions/FCN_aerfc.cpp" />
		<Unit filename="src/Functions/FCN_aerfc.h" />
		<Unit filename="src/Functions/FCN_agauss.cpp" />
		<Unit filename="src/Functions/FCN_agauss.h" />
		<Unit filename="src/Functions/FCN_airy.cpp" />
		<Unit filename="src/Functions/FCN_airy.h" />
		<Unit filename="src/Functions/FCN_area.cpp" />
		<Unit filename="src/Functions/FCN_area.h" />
		<Unit filename="src/Functions/FCN_asec.cpp" />
		<Unit filename="src/Functions/FCN_asec.h" />
		<Unit filename="src/Functions/FCN_asecd.cpp" />
		<Unit filename="src/Functions/FCN_asecd.h" />
		<Unit filename="src/Functions/FCN_asech.cpp" />
		<Unit filename="src/Functions/FCN_asech.h" />
		<Unit filename="src/Functions/FCN_asin.cpp" />
		<Unit filename="src/Functions/FCN_asin.h" />
		<Unit filename="src/Functions/FCN_asind.cpp" />
		<Unit filename="src/Functions/FCN_asind.h" />
		<Unit filename="src/Functions/FCN_asinh.cpp" />
		<Unit filename="src/Functions/FCN_asinh.h" />
		<Unit filename="src/Functions/FCN_atan.cpp" />
		<Unit filename="src/Functions/FCN_atan.h" />
		<Unit filename="src/Functions/FCN_atan2.cpp" />
		<Unit filename="src/Functions/FCN_atan2.h" />
		<Unit filename="src/Functions/FCN_atan2d.cpp" />
		<Unit filename="src/Functions/FCN_atan2d.h" />
		<Unit filename="src/Functions/FCN_atand.cpp" />
		<Unit filename="src/Functions/FCN_atand.h" />
		<Unit filename="src/Functions/FCN_atanh.cpp" />
		<Unit filename="src/Functions/FCN_atanh.h" />
		<Unit filename="src/Functions/FCN_bei.cpp" />
		<Unit filename="src/Functions/FCN_bei.h" />
		<Unit filename="src/Functions/FCN_ber.cpp" />
		<Unit filename="src/Functions/FCN_ber.h" />
		<Unit filename="src/Functions/FCN_besi0.cpp" />
		<Unit filename="src/Functions/FCN_besi0.h" />
		<Unit filename="src/Functions/FCN_besi1.cpp" />
		<Unit filename="src/Functions/FCN_besi1.h" />
		<Unit filename="src/Functions/FCN_besj0.cpp" />
		<Unit filename="src/Functions/FCN_besj0.h" />
		<Unit filename="src/Functions/FCN_besj1.cpp" />
		<Unit filename="src/Functions/FCN_besj1.h" />
		<Unit filename="src/Functions/FCN_besk0.cpp" />
		<Unit filename="src/Functions/FCN_besk0.h" />
		<Unit filename="src/Functions/FCN_besk1.cpp" />
		<Unit filename="src/Functions/FCN_besk1.h" />
		<Unit filename="src/Functions/FCN_besy0.cpp" />
		<Unit filename="src/Functions/FCN_besy0.h" />
		<Unit filename="src/Functions/FCN_besy1.cpp" />
		<Unit filename="src/Functions/FCN_besy1.h" />
		<Unit filename="src/Functions/FCN_beta.cpp" />
		<Unit filename="src/Functions/FCN_beta.h" />
		<Unit filename="src/Functions/FCN_betain.cpp" />
		<Unit filename="src/Functions/FCN_betain.h" />
		<Unit filename="src/Functions/FCN_binom.cpp" />
		<Unit filename="src/Functions/FCN_binom.h" />
		<Unit filename="src/Functions/FCN_biry.cpp" />
		<Unit filename="src/Functions/FCN_biry.h" />
		<Unit filename="src/Functions/FCN_bivarnor.cpp" />
		<Unit filename="src/Functions/FCN_bivarnor.h" />
		<Unit filename="src/Functions/FCN_bivinterp.cpp" />
		<Unit filename="src/Functions/FCN_bivinterp.h" />
		<Unit filename="src/Functions/FCN_bivsmooth.cpp" />
		<Unit filename="src/Functions/FCN_bivsmooth.h" />
		<Unit filename="src/Functions/FCN_canopen.cpp" />
		<Unit filename="src/Functions/FCN_canopen.h" />
		<Unit filename="src/Functions/FCN_char.cpp" />
		<Unit filename="src/Functions/FCN_char.h" />
		<Unit filename="src/Functions/FCN_cheby.cpp" />
		<Unit filename="src/Functions/FCN_cheby.h" />
		<Unit filename="src/Functions/FCN_chisq.cpp" />
		<Unit filename="src/Functions/FCN_chisq.h" />
		<Unit filename="src/Functions/FCN_chisqi.cpp" />
		<Unit filename="src/Functions/FCN_chisqi.h" />
		<Unit filename="src/Functions/FCN_chlogu.cpp" />
		<Unit filename="src/Functions/FCN_chlogu.h" />
		<Unit filename="src/Functions/FCN_clebsg.cpp" />
		<Unit filename="src/Functions/FCN_clebsg.h" />
		<Unit filename="src/Functions/FCN_clen.cpp" />
		<Unit filename="src/Functions/FCN_clen.h" />
		<Unit filename="src/Functions/FCN_convolute.cpp" />
		<Unit filename="src/Functions/FCN_convolute.h" />
		<Unit filename="src/Functions/FCN_cos.cpp" />
		<Unit filename="src/Functions/FCN_cos.h" />
		<Unit filename="src/Functions/FCN_cosd.cpp" />
		<Unit filename="src/Functions/FCN_cosd.h" />
		<Unit filename="src/Functions/FCN_cosh.cpp" />
		<Unit filename="src/Functions/FCN_cosh.h" />
		<Unit filename="src/Functions/FCN_cosint.cpp" />
		<Unit filename="src/Functions/FCN_cosint.h" />
		<Unit filename="src/Functions/FCN_cot.cpp" />
		<Unit filename="src/Functions/FCN_cot.h" />
		<Unit filename="src/Functions/FCN_cotd.cpp" />
		<Unit filename="src/Functions/FCN_cotd.h" />
		<Unit filename="src/Functions/FCN_coth.cpp" />
		<Unit filename="src/Functions/FCN_coth.h" />
		<Unit filename="src/Functions/FCN_csc.cpp" />
		<Unit filename="src/Functions/FCN_csc.h" />
		<Unit filename="src/Functions/FCN_cscd.cpp" />
		<Unit filename="src/Functions/FCN_cscd.h" />
		<Unit filename="src/Functions/FCN_csch.cpp" />
		<Unit filename="src/Functions/FCN_csch.h" />
		<Unit filename="src/Functions/FCN_date.cpp" />
		<Unit filename="src/Functions/FCN_date.h" />
		<Unit filename="src/Functions/FCN_dawson.cpp" />
		<Unit filename="src/Functions/FCN_dawson.h" />
		<Unit filename="src/Functions/FCN_deconvolute.cpp" />
		<Unit filename="src/Functions/FCN_deconvolute.h" />
		<Unit filename="src/Functions/FCN_deriv.cpp" />
		<Unit filename="src/Functions/FCN_deriv.h" />
		<Unit filename="src/Functions/FCN_det.cpp" />
		<Unit filename="src/Functions/FCN_det.h" />
		<Unit filename="src/Functions/FCN_digamma.cpp" />
		<Unit filename="src/Functions/FCN_digamma.h" />
		<Unit filename="src/Functions/FCN_dilog.cpp" />
		<Unit filename="src/Functions/FCN_dilog.h" />
		<Unit filename="src/Functions/FCN_ei.cpp" />
		<Unit filename="src/Functions/FCN_ei.h" />
		<Unit filename="src/Functions/FCN_eigen.cpp" />
		<Unit filename="src/Functions/FCN_eigen.h" />
		<Unit filename="src/Functions/FCN_einellic.cpp" />
		<Unit filename="src/Functions/FCN_einellic.h" />
		<Unit filename="src/Functions/FCN_ellice.cpp" />
		<Unit filename="src/Functions/FCN_ellice.h" />
		<Unit filename="src/Functions/FCN_ellick.cpp" />
		<Unit filename="src/Functions/FCN_ellick.h" />
		<Unit filename="src/Functions/FCN_eltime.cpp" />
		<Unit filename="src/Functions/FCN_eltime.h" />
		<Unit filename="src/Functions/FCN_eqs.cpp" />
		<Unit filename="src/Functions/FCN_eqs.h" />
		<Unit filename="src/Functions/FCN_erf.cpp" />
		<Unit filename="src/Functions/FCN_erf.h" />
		<Unit filename="src/Functions/FCN_erfc.cpp" />
		<Unit filename="src/Functions/FCN_erfc.h" />
		<Unit filename="src/Functions/FCN_evaluate.cpp" />
		<Unit filename="src/Functions/FCN_evaluate.h" />
		<Unit filename="src/Functions/FCN_exist.cpp" />
		<Unit filename="src/Functions/FCN_exist.h" />
		<Unit filename="src/Functions/FCN_exp.cpp" />
		<Unit filename="src/Functions/FCN_exp.h" />
		<Unit filename="src/Functions/FCN_expand.cpp" />
		<Unit filename="src/Functions/FCN_expand.h" />
		<Unit filename="src/Functions/FCN_expint.cpp" />
		<Unit filename="src/Functions/FCN_expint.h" />
		<Unit filename="src/Functions/FCN_expn.cpp" />
		<Unit filename="src/Functions/FCN_expn.h" />
		<Unit filename="src/Functions/FCN_factorial.cpp" />
		<Unit filename="src/Functions/FCN_factorial.h" />
		<Unit filename="src/Functions/FCN_ferdirac.cpp" />
		<Unit filename="src/Functions/FCN_ferdirac.h" />
		<Unit filename="src/Functions/FCN_fft.cpp" />
		<Unit filename="src/Functions/FCN_fft.h" />
		<Unit filename="src/Functions/FCN_finellic.cpp" />
		<Unit filename="src/Functions/FCN_finellic.h" />
		<Unit filename="src/Functions/FCN_fisher.cpp" />
		<Unit filename="src/Functions/FCN_fisher.h" />
		<Unit filename="src/Functions/FCN_fold.cpp" />
		<Unit filename="src/Functions/FCN_fold.h" />
		<Unit filename="src/Functions/FCN_frec1.cpp" />
		<Unit filename="src/Functions/FCN_frec1.h" />
		<Unit filename="src/Functions/FCN_frec2.cpp" />
		<Unit filename="src/Functions/FCN_frec2.h" />
		<Unit filename="src/Functions/FCN_fres1.cpp" />
		<Unit filename="src/Functions/FCN_fres1.h" />
		<Unit filename="src/Functions/FCN_fres2.cpp" />
		<Unit filename="src/Functions/FCN_fres2.h" />
		<Unit filename="src/Functions/FCN_gamma.cpp" />
		<Unit filename="src/Functions/FCN_gamma.h" />
		<Unit filename="src/Functions/FCN_gammacin.cpp" />
		<Unit filename="src/Functions/FCN_gammacin.h" />
		<Unit filename="src/Functions/FCN_gammain.cpp" />
		<Unit filename="src/Functions/FCN_gammain.h" />
		<Unit filename="src/Functions/FCN_gammatin.cpp" />
		<Unit filename="src/Functions/FCN_gammatin.h" />
		<Unit filename="src/Functions/FCN_gammln.cpp" />
		<Unit filename="src/Functions/FCN_gammln.h" />
		<Unit filename="src/Functions/FCN_gammq.cpp" />
		<Unit filename="src/Functions/FCN_gammq.h" />
		<Unit filename="src/Functions/FCN_gauss.cpp" />
		<Unit filename="src/Functions/FCN_gauss.h" />
		<Unit filename="src/Functions/FCN_gaussin.cpp" />
		<Unit filename="src/Functions/FCN_gaussin.h" />
		<Unit filename="src/Functions/FCN_gaussj.cpp" />
		<Unit filename="src/Functions/FCN_gaussj.h" />
		<Unit filename="src/Functions/FCN_gmean.cpp" />
		<Unit filename="src/Functions/FCN_gmean.h" />
		<Unit filename="src/Functions/FCN_heaviside.cpp" />
		<Unit filename="src/Functions/FCN_heaviside.h" />
		<Unit filename="src/Functions/FCN_hermite.cpp" />
		<Unit filename="src/Functions/FCN_hermite.h" />
		<Unit filename="src/Functions/FCN_hypgeo.cpp" />
		<Unit filename="src/Functions/FCN_hypgeo.h" />
		<Unit filename="src/Functions/FCN_ichar.cpp" />
		<Unit filename="src/Functions/FCN_ichar.h" />
		<Unit filename="src/Functions/FCN_iclose.cpp" />
		<Unit filename="src/Functions/FCN_iclose.h" />
		<Unit filename="src/Functions/FCN_identity.cpp" />
		<Unit filename="src/Functions/FCN_identity.h" />
		<Unit filename="src/Functions/FCN_iequal.cpp" />
		<Unit filename="src/Functions/FCN_iequal.h" />
		<Unit filename="src/Functions/FCN_ifft.cpp" />
		<Unit filename="src/Functions/FCN_ifft.h" />
		<Unit filename="src/Functions/FCN_imax.cpp" />
		<Unit filename="src/Functions/FCN_imax.h" />
		<Unit filename="src/Functions/FCN_imin.cpp" />
		<Unit filename="src/Functions/FCN_imin.h" />
		<Unit filename="src/Functions/FCN_index.cpp" />
		<Unit filename="src/Functions/FCN_index.h" />
		<Unit filename="src/Functions/FCN_int.cpp" />
		<Unit filename="src/Functions/FCN_int.h" />
		<Unit filename="src/Functions/FCN_integral.cpp" />
		<Unit filename="src/Functions/FCN_integral.h" />
		<Unit filename="src/Functions/FCN_interpolate.cpp" />
		<Unit filename="src/Functions/FCN_interpolate.h" />
		<Unit filename="src/Functions/FCN_inverse.cpp" />
		<Unit filename="src/Functions/FCN_inverse.h" />
		<Unit filename="src/Functions/FCN_jacobi.cpp" />
		<Unit filename="src/Functions/FCN_jacobi.h" />
		<Unit filename="src/Functions/FCN_jahnuf.cpp" />
		<Unit filename="src/Functions/FCN_jahnuf.h" />
		<Unit filename="src/Functions/FCN_join.cpp" />
		<Unit filename="src/Functions/FCN_join.h" />
		<Unit filename="src/Functions/FCN_kei.cpp" />
		<Unit filename="src/Functions/FCN_kei.h" />
		<Unit filename="src/Functions/FCN_ker.cpp" />
		<Unit filename="src/Functions/FCN_ker.h" />
		<Unit filename="src/Functions/FCN_kurt.cpp" />
		<Unit filename="src/Functions/FCN_kurt.h" />
		<Unit filename="src/Functions/FCN_laguerre.cpp" />
		<Unit filename="src/Functions/FCN_laguerre.h" />
		<Unit filename="src/Functions/FCN_lcase.cpp" />
		<Unit filename="src/Functions/FCN_lcase.h" />
		<Unit filename="src/Functions/FCN_legendre.cpp" />
		<Unit filename="src/Functions/FCN_legendre.h" />
		<Unit filename="src/Functions/FCN_len.cpp" />
		<Unit filename="src/Functions/FCN_len.h" />
		<Unit filename="src/Functions/FCN_ln.cpp" />
		<Unit filename="src/Functions/FCN_ln.h" />
		<Unit filename="src/Functions/FCN_lnagamma.cpp" />
		<Unit filename="src/Functions/FCN_lnagamma.h" />
		<Unit filename="src/Functions/FCN_lnbeta.cpp" />
		<Unit filename="src/Functions/FCN_lnbeta.h" />
		<Unit filename="src/Functions/FCN_log.cpp" />
		<Unit filename="src/Functions/FCN_log.h" />
		<Unit filename="src/Functions/FCN_log10.cpp" />
		<Unit filename="src/Functions/FCN_log10.h" />
		<Unit filename="src/Functions/FCN_logam.cpp" />
		<Unit filename="src/Functions/FCN_logam.h" />
		<Unit filename="src/Functions/FCN_max.cpp" />
		<Unit filename="src/Functions/FCN_max.h" />
		<Unit filename="src/Functions/FCN_mean.cpp" />
		<Unit filename="src/Functions/FCN_mean.h" />
		<Unit filename="src/Functions/FCN_median.cpp" />
		<Unit filename="src/Functions/FCN_median.h" />
		<Unit filename="src/Functions/FCN_min.cpp" />
		<Unit filename="src/Functions/FCN_min.h" />
		<Unit filename="src/Functions/FCN_mod.cpp" />
		<Unit filename="src/Functions/FCN_mod.h" />
		<Unit filename="src/Functions/FCN_nes.cpp" />
		<Unit filename="src/Functions/FCN_nes.h" />
		<Unit filename="src/Functions/FCN_nint.cpp" />
		<Unit filename="src/Functions/FCN_nint.h" />
		<Unit filename="src/Functions/FCN_normal.cpp" />
		<Unit filename="src/Functions/FCN_normal.h" />
		<Unit filename="src/Functions/FCN_null.cpp" />
		<Unit filename="src/Functions/FCN_null.h" />
		<Unit filename="src/Functions/FCN_pdiff.cpp" />
		<Unit filename="src/Functions/FCN_pdiff.h" />
		<Unit filename="src/Functions/FCN_pfactors.cpp" />
		<Unit filename="src/Functions/FCN_pfactors.h" />
		<Unit filename="src/Functions/FCN_plmn.cpp" />
		<Unit filename="src/Functions/FCN_plmn.h" />
		<Unit filename="src/Functions/FCN_plmu.cpp" />
		<Unit filename="src/Functions/FCN_plmu.h" />
		<Unit filename="src/Functions/FCN_poica.cpp" />
		<Unit filename="src/Functions/FCN_poica.h" />
		<Unit filename="src/Functions/FCN_poisson.cpp" />
		<Unit filename="src/Functions/FCN_poisson.h" />
		<Unit filename="src/Functions/FCN_prob.cpp" />
		<Unit filename="src/Functions/FCN_prob.h" />
		<Unit filename="src/Functions/FCN_prod.cpp" />
		<Unit filename="src/Functions/FCN_prod.h" />
		<Unit filename="src/Functions/FCN_psi.cpp" />
		<Unit filename="src/Functions/FCN_psi.h" />
		<Unit filename="src/Functions/FCN_racah.cpp" />
		<Unit filename="src/Functions/FCN_racah.h" />
		<Unit filename="src/Functions/FCN_radmac.cpp" />
		<Unit filename="src/Functions/FCN_radmac.h" />
		<Unit filename="src/Functions/FCN_rchar.cpp" />
		<Unit filename="src/Functions/FCN_rchar.h" />
		<Unit filename="src/Functions/FCN_rms.cpp" />
		<Unit filename="src/Functions/FCN_rms.h" />
		<Unit filename="src/Functions/FCN_roll.cpp" />
		<Unit filename="src/Functions/FCN_roll.h" />
		<Unit filename="src/Functions/FCN_rprod.cpp" />
		<Unit filename="src/Functions/FCN_rprod.h" />
		<Unit filename="src/Functions/FCN_rsum.cpp" />
		<Unit filename="src/Functions/FCN_rsum.h" />
		<Unit filename="src/Functions/FCN_savgol.cpp" />
		<Unit filename="src/Functions/FCN_savgol.h" />
		<Unit filename="src/Functions/FCN_sec.cpp" />
		<Unit filename="src/Functions/FCN_sec.h" />
		<Unit filename="src/Functions/FCN_secd.cpp" />
		<Unit filename="src/Functions/FCN_secd.h" />
		<Unit filename="src/Functions/FCN_sech.cpp" />
		<Unit filename="src/Functions/FCN_sech.h" />
		<Unit filename="src/Functions/FCN_sign.cpp" />
		<Unit filename="src/Functions/FCN_sign.h" />
		<Unit filename="src/Functions/FCN_simpleran.cpp" />
		<Unit filename="src/Functions/FCN_simpleran.h" />
		<Unit filename="src/Functions/FCN_sin.cpp" />
		<Unit filename="src/Functions/FCN_sin.h" />
		<Unit filename="src/Functions/FCN_sind.cpp" />
		<Unit filename="src/Functions/FCN_sind.h" />
		<Unit filename="src/Functions/FCN_sinh.cpp" />
		<Unit filename="src/Functions/FCN_sinh.h" />
		<Unit filename="src/Functions/FCN_sinint.cpp" />
		<Unit filename="src/Functions/FCN_sinint.h" />
		<Unit filename="src/Functions/FCN_skew.cpp" />
		<Unit filename="src/Functions/FCN_skew.h" />
		<Unit filename="src/Functions/FCN_smooth.cpp" />
		<Unit filename="src/Functions/FCN_smooth.h" />
		<Unit filename="src/Functions/FCN_splinterp.cpp" />
		<Unit filename="src/Functions/FCN_splinterp.h" />
		<Unit filename="src/Functions/FCN_splsmooth.cpp" />
		<Unit filename="src/Functions/FCN_splsmooth.h" />
		<Unit filename="src/Functions/FCN_sqrt.cpp" />
		<Unit filename="src/Functions/FCN_sqrt.h" />
		<Unit filename="src/Functions/FCN_stdev.cpp" />
		<Unit filename="src/Functions/FCN_stdev.h" />
		<Unit filename="src/Functions/FCN_step.cpp" />
		<Unit filename="src/Functions/FCN_step.h" />
		<Unit filename="src/Functions/FCN_string.cpp" />
		<Unit filename="src/Functions/FCN_string.h" />
		<Unit filename="src/Functions/FCN_struve0.cpp" />
		<Unit filename="src/Functions/FCN_struve0.h" />
		<Unit filename="src/Functions/FCN_struve1.cpp" />
		<Unit filename="src/Functions/FCN_struve1.h" />
		<Unit filename="src/Functions/FCN_student.cpp" />
		<Unit filename="src/Functions/FCN_student.h" />
		<Unit filename="src/Functions/FCN_studenti.cpp" />
		<Unit filename="src/Functions/FCN_studenti.h" />
		<Unit filename="src/Functions/FCN_sub.cpp" />
		<Unit filename="src/Functions/FCN_sub.h" />
		<Unit filename="src/Functions/FCN_sum.cpp" />
		<Unit filename="src/Functions/FCN_sum.h" />
		<Unit filename="src/Functions/FCN_sup.cpp" />
		<Unit filename="src/Functions/FCN_sup.h" />
		<Unit filename="src/Functions/FCN_tan.cpp" />
		<Unit filename="src/Functions/FCN_tan.h" />
		<Unit filename="src/Functions/FCN_tand.cpp" />
		<Unit filename="src/Functions/FCN_tand.h" />
		<Unit filename="src/Functions/FCN_tanh.cpp" />
		<Unit filename="src/Functions/FCN_tanh.h" />
		<Unit filename="src/Functions/FCN_tcase.cpp" />
		<Unit filename="src/Functions/FCN_tcase.h" />
		<Unit filename="src/Functions/FCN_time.cpp" />
		<Unit filename="src/Functions/FCN_time.h" />
		<Unit filename="src/Functions/FCN_tina.cpp" />
		<Unit filename="src/Functions/FCN_tina.h" />
		<Unit filename="src/Functions/FCN_ucase.cpp" />
		<Unit filename="src/Functions/FCN_ucase.h" />
		<Unit filename="src/Functions/FCN_var.cpp" />
		<Unit filename="src/Functions/FCN_var.h" />
		<Unit filename="src/Functions/FCN_varname.cpp" />
		<Unit filename="src/Functions/FCN_varname.h" />
		<Unit filename="src/Functions/FCN_vartype.cpp" />
		<Unit filename="src/Functions/FCN_vartype.h" />
		<Unit filename="src/Functions/FCN_vlen.cpp" />
		<Unit filename="src/Functions/FCN_vlen.h" />
		<Unit filename="src/Functions/FCN_voigt.cpp" />
		<Unit filename="src/Functions/FCN_voigt.h" />
		<Unit filename="src/Functions/FCN_volume.cpp" />
		<Unit filename="src/Functions/FCN_volume.h" />
		<Unit filename="src/Functions/FCN_walsh.cpp" />
		<Unit filename="src/Functions/FCN_walsh.h" />
		<Unit filename="src/Functions/FCN_where.cpp" />
		<Unit filename="src/Functions/FCN_where.h" />
		<Unit filename="src/Functions/FCN_wign3j.cpp" />
		<Unit filename="src/Functions/FCN_wign3j.h" />
		<Unit filename="src/Functions/FCN_wign6j.cpp" />
		<Unit filename="src/Functions/FCN_wign6j.h" />
		<Unit filename="src/Functions/FCN_wign9j.cpp" />
		<Unit filename="src/Functions/FCN_wign9j.h" />
		<Unit filename="src/Functions/FCN_wrap.cpp" />
		<Unit filename="src/Functions/FCN_wrap.h" />
		<Unit filename="src/Functions/FunctionDefinition.cpp" />
		<Unit filename="src/Functions/FunctionDefinition.h" />
		<Unit filename="src/Functions/FunctionTable.cpp" />
		<Unit filename="src/Functions/FunctionTable.h" />
		<Unit filename="src/Functions/ScalarFunction.cpp" />
		<Unit filename="src/Functions/ScalarFunction.h" />
		<Unit filename="src/Graphics/EGraphicsError.h" />
		<Unit filename="src/Graphics/GRA_angleCharacteristic.cpp" />
		<Unit filename="src/Graphics/GRA_angleCharacteristic.h" />
		<Unit filename="src/Graphics/GRA_arrow1.cpp" />
		<Unit filename="src/Graphics/GRA_arrow1.h" />
		<Unit filename="src/Graphics/GRA_arrow2.cpp" />
		<Unit filename="src/Graphics/GRA_arrow2.h" />
		<Unit filename="src/Graphics/GRA_arrow3.cpp" />
		<Unit filename="src/Graphics/GRA_arrow3.h" />
		<Unit filename="src/Graphics/GRA_asterisk.cpp" />
		<Unit filename="src/Graphics/GRA_asterisk.h" />
		<Unit filename="src/Graphics/GRA_axis.cpp" />
		<Unit filename="src/Graphics/GRA_axis.h" />
		<Unit filename="src/Graphics/GRA_bitmap.cpp" />
		<Unit filename="src/Graphics/GRA_bitmap.h" />
		<Unit filename="src/Graphics/GRA_boolCharacteristic.cpp" />
		<Unit filename="src/Graphics/GRA_boolCharacteristic.h" />
		<Unit filename="src/Graphics/GRA_boxPlot.cpp" />
		<Unit filename="src/Graphics/GRA_boxPlot.h" />
		<Unit filename="src/Graphics/GRA_cartesianAxes.cpp" />
		<Unit filename="src/Graphics/GRA_cartesianAxes.h" />
		<Unit filename="src/Graphics/GRA_cartesianCurve.cpp" />
		<Unit filename="src/Graphics/GRA_cartesianCurve.h" />
		<Unit filename="src/Graphics/GRA_characteristic.h" />
		<Unit filename="src/Graphics/GRA_color.cpp" />
		<Unit filename="src/Graphics/GRA_color.h" />
		<Unit filename="src/Graphics/GRA_colorCharacteristic.cpp" />
		<Unit filename="src/Graphics/GRA_colorCharacteristic.h" />
		<Unit filename="src/Graphics/GRA_colorControl.cpp" />
		<Unit filename="src/Graphics/GRA_colorControl.h" />
		<Unit filename="src/Graphics/GRA_colorMap.cpp" />
		<Unit filename="src/Graphics/GRA_colorMap.h" />
		<Unit filename="src/Graphics/GRA_contourLine.cpp" />
		<Unit filename="src/Graphics/GRA_contourLine.h" />
		<Unit filename="src/Graphics/GRA_cross.cpp" />
		<Unit filename="src/Graphics/GRA_cross.h" />
		<Unit filename="src/Graphics/GRA_crossPlus.cpp" />
		<Unit filename="src/Graphics/GRA_crossPlus.h" />
		<Unit filename="src/Graphics/GRA_densityPlot.cpp" />
		<Unit filename="src/Graphics/GRA_densityPlot.h" />
		<Unit filename="src/Graphics/GRA_diamond.cpp" />
		<Unit filename="src/Graphics/GRA_diamond.h" />
		<Unit filename="src/Graphics/GRA_diamondPlus.cpp" />
		<Unit filename="src/Graphics/GRA_diamondPlus.h" />
		<Unit filename="src/Graphics/GRA_diffusionPlot.cpp" />
		<Unit filename="src/Graphics/GRA_diffusionPlot.h" />
		<Unit filename="src/Graphics/GRA_distanceCharacteristic.cpp" />
		<Unit filename="src/Graphics/GRA_distanceCharacteristic.h" />
		<Unit filename="src/Graphics/GRA_ditheringPlot.cpp" />
		<Unit filename="src/Graphics/GRA_ditheringPlot.h" />
		<Unit filename="src/Graphics/GRA_doubleCharacteristic.cpp" />
		<Unit filename="src/Graphics/GRA_doubleCharacteristic.h" />
		<Unit filename="src/Graphics/GRA_drawableObject.cpp" />
		<Unit filename="src/Graphics/GRA_drawableObject.h" />
		<Unit filename="src/Graphics/GRA_drawableText.cpp" />
		<Unit filename="src/Graphics/GRA_drawableText.h" />
		<Unit filename="src/Graphics/GRA_ellipse.cpp" />
		<Unit filename="src/Graphics/GRA_ellipse.h" />
		<Unit filename="src/Graphics/GRA_errorBar.cpp" />
		<Unit filename="src/Graphics/GRA_errorBar.h" />
		<Unit filename="src/Graphics/GRA_font.cpp" />
		<Unit filename="src/Graphics/GRA_font.h" />
		<Unit filename="src/Graphics/GRA_fontCharacteristic.cpp" />
		<Unit filename="src/Graphics/GRA_fontCharacteristic.h" />
		<Unit filename="src/Graphics/GRA_fontControl.cpp" />
		<Unit filename="src/Graphics/GRA_fontControl.h" />
		<Unit filename="src/Graphics/GRA_gradientPlot.cpp" />
		<Unit filename="src/Graphics/GRA_gradientPlot.h" />
		<Unit filename="src/Graphics/GRA_intCharacteristic.cpp" />
		<Unit filename="src/Graphics/GRA_intCharacteristic.h" />
		<Unit filename="src/Graphics/GRA_legend.cpp" />
		<Unit filename="src/Graphics/GRA_legend.h" />
		<Unit filename="src/Graphics/GRA_multiLineFigure.cpp" />
		<Unit filename="src/Graphics/GRA_multiLineFigure.h" />
		<Unit filename="src/Graphics/GRA_plotSymbol.cpp" />
		<Unit filename="src/Graphics/GRA_plotSymbol.h" />
		<Unit filename="src/Graphics/GRA_plus.cpp" />
		<Unit filename="src/Graphics/GRA_plus.h" />
		<Unit filename="src/Graphics/GRA_point.cpp" />
		<Unit filename="src/Graphics/GRA_point.h" />
		<Unit filename="src/Graphics/GRA_polarAxes.cpp" />
		<Unit filename="src/Graphics/GRA_polarAxes.h" />
		<Unit filename="src/Graphics/GRA_polarCurve.cpp" />
		<Unit filename="src/Graphics/GRA_polarCurve.h" />
		<Unit filename="src/Graphics/GRA_polygon.cpp" />
		<Unit filename="src/Graphics/GRA_polygon.h" />
		<Unit filename="src/Graphics/GRA_polyline.cpp" />
		<Unit filename="src/Graphics/GRA_polyline.h" />
		<Unit filename="src/Graphics/GRA_postscript.cpp" />
		<Unit filename="src/Graphics/GRA_postscript.h" />
		<Unit filename="src/Graphics/GRA_rectangle.cpp" />
		<Unit filename="src/Graphics/GRA_rectangle.h" />
		<Unit filename="src/Graphics/GRA_setOfCharacteristics.cpp" />
		<Unit filename="src/Graphics/GRA_setOfCharacteristics.h" />
		<Unit filename="src/Graphics/GRA_shape.h" />
		<Unit filename="src/Graphics/GRA_simpleText.cpp" />
		<Unit filename="src/Graphics/GRA_simpleText.h" />
		<Unit filename="src/Graphics/GRA_sizeCharacteristic.cpp" />
		<Unit filename="src/Graphics/GRA_sizeCharacteristic.h" />
		<Unit filename="src/Graphics/GRA_specialCharacters.h" />
		<Unit filename="src/Graphics/GRA_star5pt.cpp" />
		<Unit filename="src/Graphics/GRA_star5pt.h" />
		<Unit filename="src/Graphics/GRA_stringCharacteristic.cpp" />
		<Unit filename="src/Graphics/GRA_stringCharacteristic.h" />
		<Unit filename="src/Graphics/GRA_surfacePlot.h" />
		<Unit filename="src/Graphics/GRA_thiessenTriangulation.cpp" />
		<Unit filename="src/Graphics/GRA_thiessenTriangulation.h" />
		<Unit filename="src/Graphics/GRA_threeDPlot.cpp" />
		<Unit filename="src/Graphics/GRA_threeDPlot.h" />
		<Unit filename="src/Graphics/GRA_triangle.cpp" />
		<Unit filename="src/Graphics/GRA_triangle.h" />
		<Unit filename="src/Graphics/GRA_visualizationWindow.h" />
		<Unit filename="src/Graphics/GRA_window.cpp" />
		<Unit filename="src/Graphics/GRA_window.h" />
		<Unit filename="src/Graphics/GRA_wxWidgets.cpp" />
		<Unit filename="src/Graphics/GRA_wxWidgets.h" />
		<Unit filename="src/Operators/ArrayOperator.h" />
		<Unit filename="src/Operators/OPR_and.cpp" />
		<Unit filename="src/Operators/OPR_and.h" />
		<Unit filename="src/Operators/OPR_concatenation.cpp" />
		<Unit filename="src/Operators/OPR_concatenation.h" />
		<Unit filename="src/Operators/OPR_divide.cpp" />
		<Unit filename="src/Operators/OPR_divide.h" />
		<Unit filename="src/Operators/OPR_equals.cpp" />
		<Unit filename="src/Operators/OPR_equals.h" />
		<Unit filename="src/Operators/OPR_exclusiveOr.cpp" />
		<Unit filename="src/Operators/OPR_exclusiveOr.h" />
		<Unit filename="src/Operators/OPR_exponentiation.cpp" />
		<Unit filename="src/Operators/OPR_exponentiation.h" />
		<Unit filename="src/Operators/OPR_exponentiation2.cpp" />
		<Unit filename="src/Operators/OPR_exponentiation2.h" />
		<Unit filename="src/Operators/OPR_ge.cpp" />
		<Unit filename="src/Operators/OPR_ge.h" />
		<Unit filename="src/Operators/OPR_gt.cpp" />
		<Unit filename="src/Operators/OPR_gt.h" />
		<Unit filename="src/Operators/OPR_innerProduct.cpp" />
		<Unit filename="src/Operators/OPR_innerProduct.h" />
		<Unit filename="src/Operators/OPR_intersection.cpp" />
		<Unit filename="src/Operators/OPR_intersection.h" />
		<Unit filename="src/Operators/OPR_le.cpp" />
		<Unit filename="src/Operators/OPR_le.h" />
		<Unit filename="src/Operators/OPR_lt.cpp" />
		<Unit filename="src/Operators/OPR_lt.h" />
		<Unit filename="src/Operators/OPR_minus.cpp" />
		<Unit filename="src/Operators/OPR_minus.h" />
		<Unit filename="src/Operators/OPR_multiply.cpp" />
		<Unit filename="src/Operators/OPR_multiply.h" />
		<Unit filename="src/Operators/OPR_ne.cpp" />
		<Unit filename="src/Operators/OPR_ne.h" />
		<Unit filename="src/Operators/OPR_not.cpp" />
		<Unit filename="src/Operators/OPR_not.h" />
		<Unit filename="src/Operators/OPR_or.cpp" />
		<Unit filename="src/Operators/OPR_or.h" />
		<Unit filename="src/Operators/OPR_outerProduct.cpp" />
		<Unit filename="src/Operators/OPR_outerProduct.h" />
		<Unit filename="src/Operators/OPR_plus.cpp" />
		<Unit filename="src/Operators/OPR_plus.h" />
		<Unit filename="src/Operators/OPR_reflect.cpp" />
		<Unit filename="src/Operators/OPR_reflect.h" />
		<Unit filename="src/Operators/OPR_transpose.cpp" />
		<Unit filename="src/Operators/OPR_transpose.h" />
		<Unit filename="src/Operators/OPR_union.cpp" />
		<Unit filename="src/Operators/OPR_union.h" />
		<Unit filename="src/Operators/OperatorDefinition.cpp" />
		<Unit filename="src/Operators/OperatorDefinition.h" />
		<Unit filename="src/Operators/OperatorTable.cpp" />
		<Unit filename="src/Operators/OperatorTable.h" />
		<Unit filename="src/Operators/ScalarOperator.cpp" />
		<Unit filename="src/Operators/ScalarOperator.h" />
		<Unit filename="src/Parsing/ESyntaxError.h" />
		<Unit filename="src/Parsing/ParseLine.cpp" />
		<Unit filename="src/Parsing/ParseLine.h" />
		<Unit filename="src/Parsing/ParseToken.cpp" />
		<Unit filename="src/Parsing/ParseToken.h" />
		<Unit filename="src/Parsing/Script.cpp" />
		<Unit filename="src/Parsing/Script.h" />
		<Unit filename="src/Utilities/ExGlobals.cpp" />
		<Unit filename="src/Utilities/ExGlobals.h" />
		<Unit filename="src/Utilities/ExXML.cpp" />
		<Unit filename="src/Utilities/ExXML.h" />
		<Unit filename="src/Utilities/ToAscii.h" />
		<Unit filename="src/Utilities/UsefulFunctions.cpp" />
		<Unit filename="src/Utilities/UsefulFunctions.h" />
		<Unit filename="src/Variables/EVariableError.h" />
		<Unit filename="src/Variables/NVariableTable.cpp" />
		<Unit filename="src/Variables/NVariableTable.h" />
		<Unit filename="src/Variables/NumericData.cpp" />
		<Unit filename="src/Variables/NumericData.h" />
		<Unit filename="src/Variables/NumericVariable.cpp" />
		<Unit filename="src/Variables/NumericVariable.h" />
		<Unit filename="src/Variables/TVariableTable.cpp" />
		<Unit filename="src/Variables/TVariableTable.h" />
		<Unit filename="src/Variables/TextData.cpp" />
		<Unit filename="src/Variables/TextData.h" />
		<Unit filename="src/Variables/TextVariable.cpp" />
		<Unit filename="src/Variables/TextVariable.h" />
		<Unit filename="src/Variables/Variable.cpp" />
		<Unit filename="src/Variables/Variable.h" />
		<Unit filename="src/extrema.cpp" />
		<Unit filename="src/extrema.h" />
		<Unit filename="src/extrema_res.rc">
			<Option compilerVar="WINDRES" />
		</Unit>
		<Unit filename="src/wxForms/AnalysisCommandPanel.cpp" />
		<Unit filename="src/wxForms/AnalysisCommandPanel.h" />
		<Unit filename="src/wxForms/AnalysisMessagePanel.cpp" />
		<Unit filename="src/wxForms/AnalysisMessagePanel.h" />
		<Unit filename="src/wxForms/AnalysisSpeedButtonPanel.cpp" />
		<Unit filename="src/wxForms/AnalysisSpeedButtonPanel.h" />
		<Unit filename="src/wxForms/AnalysisWindow.cpp" />
		<Unit filename="src/wxForms/AnalysisWindow.h" />
		<Unit filename="src/wxForms/AxisPopup.cpp" />
		<Unit filename="src/wxForms/AxisPopup.h" />
		<Unit filename="src/wxForms/BasicColors.cpp" />
		<Unit filename="src/wxForms/BasicColors.h" />
		<Unit filename="src/wxForms/ChooseFilePanel.cpp" />
		<Unit filename="src/wxForms/ChooseFilePanel.h" />
		<Unit filename="src/wxForms/ColorSelector.h" />
		<Unit filename="src/wxForms/CommandTextCtrl.cpp" />
		<Unit filename="src/wxForms/CommandTextCtrl.h" />
		<Unit filename="src/wxForms/CurvePopup.cpp" />
		<Unit filename="src/wxForms/CurvePopup.h" />
		<Unit filename="src/wxForms/ExColorCtrl.h" />
		<Unit filename="src/wxForms/ExSlider.h" />
		<Unit filename="src/wxForms/ExSpinCtrlD.h" />
		<Unit filename="src/wxForms/ExSpinCtrlI.h" />
		<Unit filename="src/wxForms/ExecuteDialog.cpp" />
		<Unit filename="src/wxForms/ExecuteDialog.h" />
		<Unit filename="src/wxForms/FigureForm.cpp" />
		<Unit filename="src/wxForms/FigureForm.h" />
		<Unit filename="src/wxForms/FitForm.cpp" />
		<Unit filename="src/wxForms/FitForm.h" />
		<Unit filename="src/wxForms/FontChooser.cpp" />
		<Unit filename="src/wxForms/FontChooser.h" />
		<Unit filename="src/wxForms/GenerateVectorForm.cpp" />
		<Unit filename="src/wxForms/GenerateVectorForm.h" />
		<Unit filename="src/wxForms/GraphForm.cpp" />
		<Unit filename="src/wxForms/GraphForm.h" />
		<Unit filename="src/wxForms/GraphicsPage.cpp" />
		<Unit filename="src/wxForms/GraphicsPage.h" />
		<Unit filename="src/wxForms/HintForm.cpp" />
		<Unit filename="src/wxForms/HintForm.h" />
		<Unit filename="src/wxForms/ImportWindow.cpp" />
		<Unit filename="src/wxForms/ImportWindow.h" />
		<Unit filename="src/wxForms/InquireDialog.cpp" />
		<Unit filename="src/wxForms/InquireDialog.h" />
		<Unit filename="src/wxForms/InquireYNDialog.cpp" />
		<Unit filename="src/wxForms/InquireYNDialog.h" />
		<Unit filename="src/wxForms/LegendPopup.cpp" />
		<Unit filename="src/wxForms/LegendPopup.h" />
		<Unit filename="src/wxForms/PeakFindForm.cpp" />
		<Unit filename="src/wxForms/PeakFindForm.h" />
		<Unit filename="src/wxForms/ReadMatrixForm.cpp" />
		<Unit filename="src/wxForms/ReadMatrixForm.h" />
		<Unit filename="src/wxForms/ReadScalarsForm.cpp" />
		<Unit filename="src/wxForms/ReadScalarsForm.h" />
		<Unit filename="src/wxForms/ReadTextForm.cpp" />
		<Unit filename="src/wxForms/ReadTextForm.h" />
		<Unit filename="src/wxForms/ReadVectorsForm.cpp" />
		<Unit filename="src/wxForms/ReadVectorsForm.h" />
		<Unit filename="src/wxForms/SetAspectRatioForm.cpp" />
		<Unit filename="src/wxForms/SetAspectRatioForm.h" />
		<Unit filename="src/wxForms/ShowVariablesForm.cpp" />
		<Unit filename="src/wxForms/ShowVariablesForm.h" />
		<Unit filename="src/wxForms/StackDialog.cpp" />
		<Unit filename="src/wxForms/StackDialog.h" />
		<Unit filename="src/wxForms/TextForm.cpp" />
		<Unit filename="src/wxForms/TextForm.h" />
		<Unit filename="src/wxForms/TextPopup.cpp" />
		<Unit filename="src/wxForms/TextPopup.h" />
		<Unit filename="src/wxForms/ThreeDPlotForm.cpp" />
		<Unit filename="src/wxForms/ThreeDPlotForm.h" />
		<Unit filename="src/wxForms/VarInfoForm.cpp" />
		<Unit filename="src/wxForms/VarInfoForm.h" />
		<Unit filename="src/wxForms/VisualizationSpeedButtonPanel.cpp" />
		<Unit filename="src/wxForms/VisualizationSpeedButtonPanel.h" />
		<Unit filename="src/wxForms/VisualizationWindow.cpp" />
		<Unit filename="src/wxForms/VisualizationWindow.h" />
		<Unit filename="src/wxForms/WriteMatrixForm.cpp" />
		<Unit filename="src/wxForms/WriteMatrixForm.h" />
		<Unit filename="src/wxForms/WriteScalarsForm.cpp" />
		<Unit filename="src/wxForms/WriteScalarsForm.h" />
		<Unit filename="src/wxForms/WriteTextForm.cpp" />
		<Unit filename="src/wxForms/WriteTextForm.h" />
		<Unit filename="src/wxForms/WriteVectorsForm.cpp" />
		<Unit filename="src/wxForms/WriteVectorsForm.h" />
		<Unit filename="src/wxForms/wxPLplotstream.h" />
		<Extensions />
	</Project>
</CodeBlocks_project_file>
